// !$*UTF8*$!
{
	archiveVersion = 1;
	classes = {
	};
	objectVersion = 50;
	objects = {

/* Begin PBXBuildFile section */
		CFBD95E5243B80AF005D7C77 /* serialisation.cpp in Sources */ = {isa = PBXBuildFile; fileRef = CFBD95E1243B80AF005D7C77 /* serialisation.cpp */; };
		CFBD95E7243B80AF005D7C77 /* Writer.cpp in Sources */ = {isa = PBXBuildFile; fileRef = CFBD95E3243B80AF005D7C77 /* Writer.cpp */; };
		CFBD95E8243B80AF005D7C77 /* Simulator.cpp in Sources */ = {isa = PBXBuildFile; fileRef = CFBD95E4243B80AF005D7C77 /* Simulator.cpp */; };
		CFBD95EC244525D4005D7C77 /* simulate_data.cpp in Sources */ = {isa = PBXBuildFile; fileRef = CFBD95EB244525D4005D7C77 /* simulate_data.cpp */; };
/* End PBXBuildFile section */

/* Begin PBXCopyFilesBuildPhase section */
		CFBD95CF243B8062005D7C77 /* CopyFiles */ = {
			isa = PBXCopyFilesBuildPhase;
			buildActionMask = 2147483647;
			dstPath = /usr/share/man/man1/;
			dstSubfolderSpec = 0;
			files = (
			);
			runOnlyForDeploymentPostprocessing = 1;
		};
/* End PBXCopyFilesBuildPhase section */

/* Begin PBXFileReference section */
		CFBD95D1243B8062005D7C77 /* NMEASimulator */ = {isa = PBXFileReference; explicitFileType = "compiled.mach-o.executable"; includeInIndex = 0; path = NMEASimulator; sourceTree = BUILT_PRODUCTS_DIR; };
		CFBD95DD243B80A2005D7C77 /* Writer.h */ = {isa = PBXFileReference; fileEncoding = 4; lastKnownFileType = sourcecode.c.h; name = Writer.h; path = ../../../Writer.h; sourceTree = "<group>"; };
		CFBD95DE243B80A2005D7C77 /* serialisation.h */ = {isa = PBXFileReference; fileEncoding = 4; lastKnownFileType = sourcecode.c.h; name = serialisation.h; path = ../../../serialisation.h; sourceTree = "<group>"; };
		CFBD95E0243B80A2005D7C77 /* Simulator.h */ = {isa = PBXFileReference; fileEncoding = 4; lastKnownFileType = sourcecode.c.h; name = Simulator.h; path = ../../../Simulator.h; sourceTree = "<group>"; };
		CFBD95E1243B80AF005D7C77 /* serialisation.cpp */ = {isa = PBXFileReference; fileEncoding = 4; lastKnownFileType = sourcecode.cpp.cpp; name = serialisation.cpp; path = ../../../serialisation.cpp; sourceTree = "<group>"; };
		CFBD95E3243B80AF005D7C77 /* Writer.cpp */ = {isa = PBXFileReference; fileEncoding = 4; lastKnownFileType = sourcecode.cpp.cpp; name = Writer.cpp; path = ../../../Writer.cpp; sourceTree = "<group>"; };
		CFBD95E4243B80AF005D7C77 /* Simulator.cpp */ = {isa = PBXFileReference; fileEncoding = 4; lastKnownFileType = sourcecode.cpp.cpp; name = Simulator.cpp; path = ../../../Simulator.cpp; sourceTree = "<group>"; };
		CFBD95EB244525D4005D7C77 /* simulate_data.cpp */ = {isa = PBXFileReference; fileEncoding = 4; lastKnownFileType = sourcecode.cpp.cpp; name = simulate_data.cpp; path = ../../../simulate_data.cpp; sourceTree = "<group>"; };
/* End PBXFileReference section */

/* Begin PBXFrameworksBuildPhase section */
		CFBD95CE243B8062005D7C77 /* Frameworks */ = {
			isa = PBXFrameworksBuildPhase;
			buildActionMask = 2147483647;
			files = (
			);
			runOnlyForDeploymentPostprocessing = 0;
		};
/* End PBXFrameworksBuildPhase section */

/* Begin PBXGroup section */
		CFBD95C8243B8062005D7C77 = {
			isa = PBXGroup;
			children = (
				CFBD95D3243B8062005D7C77 /* NMEASimulator */,
				CFBD95D2243B8062005D7C77 /* Products */,
			);
			sourceTree = "<group>";
		};
		CFBD95D2243B8062005D7C77 /* Products */ = {
			isa = PBXGroup;
			children = (
				CFBD95D1243B8062005D7C77 /* NMEASimulator */,
			);
			name = Products;
			sourceTree = "<group>";
		};
		CFBD95D3243B8062005D7C77 /* NMEASimulator */ = {
			isa = PBXGroup;
			children = (
				CFBD95DC243B8083005D7C77 /* Headers */,
				CFBD95DB243B8079005D7C77 /* Source */,
			);
			path = NMEASimulator;
			sourceTree = "<group>";
		};
		CFBD95DB243B8079005D7C77 /* Source */ = {
			isa = PBXGroup;
			children = (
				CFBD95EB244525D4005D7C77 /* simulate_data.cpp */,
				CFBD95E3243B80AF005D7C77 /* Writer.cpp */,
				CFBD95E1243B80AF005D7C77 /* serialisation.cpp */,
				CFBD95E4243B80AF005D7C77 /* Simulator.cpp */,
			);
			path = Source;
			sourceTree = "<group>";
		};
		CFBD95DC243B8083005D7C77 /* Headers */ = {
			isa = PBXGroup;
			children = (
				CFBD95DD243B80A2005D7C77 /* Writer.h */,
				CFBD95DE243B80A2005D7C77 /* serialisation.h */,
				CFBD95E0243B80A2005D7C77 /* Simulator.h */,
			);
			path = Headers;
			sourceTree = "<group>";
		};
/* End PBXGroup section */

/* Begin PBXNativeTarget section */
		CFBD95D0243B8062005D7C77 /* NMEASimulator */ = {
			isa = PBXNativeTarget;
			buildConfigurationList = CFBD95D8243B8062005D7C77 /* Build configuration list for PBXNativeTarget "NMEASimulator" */;
			buildPhases = (
				CFBD95CD243B8062005D7C77 /* Sources */,
				CFBD95CE243B8062005D7C77 /* Frameworks */,
				CFBD95CF243B8062005D7C77 /* CopyFiles */,
			);
			buildRules = (
			);
			dependencies = (
			);
			name = NMEASimulator;
			productName = NMEASimulator;
			productReference = CFBD95D1243B8062005D7C77 /* NMEASimulator */;
			productType = "com.apple.product-type.tool";
		};
/* End PBXNativeTarget section */

/* Begin PBXProject section */
		CFBD95C9243B8062005D7C77 /* Project object */ = {
			isa = PBXProject;
			attributes = {
				LastUpgradeCheck = 1130;
				ORGANIZATIONNAME = CCOM/JHC;
				TargetAttributes = {
					CFBD95D0243B8062005D7C77 = {
						CreatedOnToolsVersion = 11.3.1;
					};
				};
			};
			buildConfigurationList = CFBD95CC243B8062005D7C77 /* Build configuration list for PBXProject "NMEASimulator" */;
			compatibilityVersion = "Xcode 9.3";
			developmentRegion = en;
			hasScannedForEncodings = 0;
			knownRegions = (
				en,
				Base,
			);
			mainGroup = CFBD95C8243B8062005D7C77;
			productRefGroup = CFBD95D2243B8062005D7C77 /* Products */;
			projectDirPath = "";
			projectRoot = "";
			targets = (
				CFBD95D0243B8062005D7C77 /* NMEASimulator */,
			);
		};
/* End PBXProject section */

/* Begin PBXSourcesBuildPhase section */
		CFBD95CD243B8062005D7C77 /* Sources */ = {
			isa = PBXSourcesBuildPhase;
			buildActionMask = 2147483647;
			files = (
				CFBD95E7243B80AF005D7C77 /* Writer.cpp in Sources */,
				CFBD95E5243B80AF005D7C77 /* serialisation.cpp in Sources */,
				CFBD95E8243B80AF005D7C77 /* Simulator.cpp in Sources */,
				CFBD95EC244525D4005D7C77 /* simulate_data.cpp in Sources */,
			);
			runOnlyForDeploymentPostprocessing = 0;
		};
/* End PBXSourcesBuildPhase section */

/* Begin XCBuildConfiguration section */
		CFBD95D6243B8062005D7C77 /* Debug */ = {
			isa = XCBuildConfiguration;
			buildSettings = {
				ALWAYS_SEARCH_USER_PATHS = NO;
				CLANG_ANALYZER_NONNULL = YES;
				CLANG_ANALYZER_NUMBER_OBJECT_CONVERSION = YES_AGGRESSIVE;
				CLANG_CXX_LANGUAGE_STANDARD = "gnu++14";
				CLANG_CXX_LIBRARY = "libc++";
				CLANG_ENABLE_MODULES = YES;
				CLANG_ENABLE_OBJC_ARC = YES;
				CLANG_ENABLE_OBJC_WEAK = YES;
				CLANG_WARN_BLOCK_CAPTURE_AUTORELEASING = YES;
				CLANG_WARN_BOOL_CONVERSION = YES;
				CLANG_WARN_COMMA = YES;
				CLANG_WARN_CONSTANT_CONVERSION = YES;
				CLANG_WARN_DEPRECATED_OBJC_IMPLEMENTATIONS = YES;
				CLANG_WARN_DIRECT_OBJC_ISA_USAGE = YES_ERROR;
				CLANG_WARN_DOCUMENTATION_COMMENTS = YES;
				CLANG_WARN_EMPTY_BODY = YES;
				CLANG_WARN_ENUM_CONVERSION = YES;
				CLANG_WARN_INFINITE_RECURSION = YES;
				CLANG_WARN_INT_CONVERSION = YES;
				CLANG_WARN_NON_LITERAL_NULL_CONVERSION = YES;
				CLANG_WARN_OBJC_IMPLICIT_RETAIN_SELF = YES;
				CLANG_WARN_OBJC_LITERAL_CONVERSION = YES;
				CLANG_WARN_OBJC_ROOT_CLASS = YES_ERROR;
				CLANG_WARN_RANGE_LOOP_ANALYSIS = YES;
				CLANG_WARN_STRICT_PROTOTYPES = YES;
				CLANG_WARN_SUSPICIOUS_MOVE = YES;
				CLANG_WARN_UNGUARDED_AVAILABILITY = YES_AGGRESSIVE;
				CLANG_WARN_UNREACHABLE_CODE = YES;
				CLANG_WARN__DUPLICATE_METHOD_MATCH = YES;
				COPY_PHASE_STRIP = NO;
				DEBUG_INFORMATION_FORMAT = dwarf;
				ENABLE_STRICT_OBJC_MSGSEND = YES;
				ENABLE_TESTABILITY = YES;
				GCC_C_LANGUAGE_STANDARD = gnu11;
				GCC_DYNAMIC_NO_PIC = NO;
				GCC_NO_COMMON_BLOCKS = YES;
				GCC_OPTIMIZATION_LEVEL = 0;
				GCC_PREPROCESSOR_DEFINITIONS = (
					"DEBUG=1",
					"$(inherited)",
				);
				GCC_WARN_64_TO_32_BIT_CONVERSION = YES;
				GCC_WARN_ABOUT_RETURN_TYPE = YES_ERROR;
				GCC_WARN_UNDECLARED_SELECTOR = YES;
				GCC_WARN_UNINITIALIZED_AUTOS = YES_AGGRESSIVE;
				GCC_WARN_UNUSED_FUNCTION = YES;
				GCC_WARN_UNUSED_VARIABLE = YES;
				MACOSX_DEPLOYMENT_TARGET = 10.14;
				MTL_ENABLE_DEBUG_INFO = INCLUDE_SOURCE;
				MTL_FAST_MATH = YES;
				ONLY_ACTIVE_ARCH = YES;
				SDKROOT = macosx;
			};
			name = Debug;
		};
		CFBD95D7243B8062005D7C77 /* Release */ = {
			isa = XCBuildConfiguration;
			buildSettings = {
				ALWAYS_SEARCH_USER_PATHS = NO;
				CLANG_ANALYZER_NONNULL = YES;
				CLANG_ANALYZER_NUMBER_OBJECT_CONVERSION = YES_AGGRESSIVE;
				CLANG_CXX_LANGUAGE_STANDARD = "gnu++14";
				CLANG_CXX_LIBRARY = "libc++";
				CLANG_ENABLE_MODULES = YES;
				CLANG_ENABLE_OBJC_ARC = YES;
				CLANG_ENABLE_OBJC_WEAK = YES;
				CLANG_WARN_BLOCK_CAPTURE_AUTORELEASING = YES;
				CLANG_WARN_BOOL_CONVERSION = YES;
				CLANG_WARN_COMMA = YES;
				CLANG_WARN_CONSTANT_CONVERSION = YES;
				CLANG_WARN_DEPRECATED_OBJC_IMPLEMENTATIONS = YES;
				CLANG_WARN_DIRECT_OBJC_ISA_USAGE = YES_ERROR;
				CLANG_WARN_DOCUMENTATION_COMMENTS = YES;
				CLANG_WARN_EMPTY_BODY = YES;
				CLANG_WARN_ENUM_CONVERSION = YES;
				CLANG_WARN_INFINITE_RECURSION = YES;
				CLANG_WARN_INT_CONVERSION = YES;
				CLANG_WARN_NON_LITERAL_NULL_CONVERSION = YES;
				CLANG_WARN_OBJC_IMPLICIT_RETAIN_SELF = YES;
				CLANG_WARN_OBJC_LITERAL_CONVERSION = YES;
				CLANG_WARN_OBJC_ROOT_CLASS = YES_ERROR;
				CLANG_WARN_RANGE_LOOP_ANALYSIS = YES;
				CLANG_WARN_STRICT_PROTOTYPES = YES;
				CLANG_WARN_SUSPICIOUS_MOVE = YES;
				CLANG_WARN_UNGUARDED_AVAILABILITY = YES_AGGRESSIVE;
				CLANG_WARN_UNREACHABLE_CODE = YES;
				CLANG_WARN__DUPLICATE_METHOD_MATCH = YES;
				COPY_PHASE_STRIP = NO;
				DEBUG_INFORMATION_FORMAT = "dwarf-with-dsym";
				ENABLE_NS_ASSERTIONS = NO;
				ENABLE_STRICT_OBJC_MSGSEND = YES;
				GCC_C_LANGUAGE_STANDARD = gnu11;
				GCC_NO_COMMON_BLOCKS = YES;
				GCC_WARN_64_TO_32_BIT_CONVERSION = YES;
				GCC_WARN_ABOUT_RETURN_TYPE = YES_ERROR;
				GCC_WARN_UNDECLARED_SELECTOR = YES;
				GCC_WARN_UNINITIALIZED_AUTOS = YES_AGGRESSIVE;
				GCC_WARN_UNUSED_FUNCTION = YES;
				GCC_WARN_UNUSED_VARIABLE = YES;
				MACOSX_DEPLOYMENT_TARGET = 10.14;
				MTL_ENABLE_DEBUG_INFO = NO;
				MTL_FAST_MATH = YES;
				SDKROOT = macosx;
			};
			name = Release;
		};
		CFBD95D9243B8062005D7C77 /* Debug */ = {
			isa = XCBuildConfiguration;
			buildSettings = {
				CODE_SIGN_STYLE = Automatic;
				PRODUCT_NAME = "$(TARGET_NAME)";
			};
			name = Debug;
		};
		CFBD95DA243B8062005D7C77 /* Release */ = {
			isa = XCBuildConfiguration;
			buildSettings = {
				CODE_SIGN_STYLE = Automatic;
				PRODUCT_NAME = "$(TARGET_NAME)";
			};
			name = Release;
		};
/* End XCBuildConfiguration section */

/* Begin XCConfigurationList section */
		CFBD95CC243B8062005D7C77 /* Build configuration list for PBXProject "NMEASimulator" */ = {
			isa = XCConfigurationList;
			buildConfigurations = (
				CFBD95D6243B8062005D7C77 /* Debug */,
				CFBD95D7243B8062005D7C77 /* Release */,
			);
			defaultConfigurationIsVisible = 0;
			defaultConfigurationName = Release;
		};
		CFBD95D8243B8062005D7C77 /* Build configuration list for PBXNativeTarget "NMEASimulator" */ = {
			isa = XCConfigurationList;
			buildConfigurations = (
				CFBD95D9243B8062005D7C77 /* Debug */,
				CFBD95DA243B8062005D7C77 /* Release */,
			);
			defaultConfigurationIsVisible = 0;
			defaultConfigurationName = Release;
		};
/* End XCConfigurationList section */
	};
	rootObject = CFBD95C9243B8062005D7C77 /* Project object */;
}
